
Microsoft Visual Studio Solution File, Format Version 12.00
# Visual Studio Version 16
VisualStudioVersion = 16.0.29509.3
MinimumVisualStudioVersion = 10.0.40219.1
Project("{9A19103F-16F7-4668-BE54-9A1E7A4F7556}") = "PackageUpdater", "PackageUpdater\PackageUpdater.csproj", "{1EFA57F6-7AE6-4C5E-AA44-ABE12F78927B}"
EndProject
Global
	GlobalSection(SolutionConfigurationPlatforms) = preSolution
		Debug|Any CPU = Debug|Any CPU
		Release|Any CPU = Release|Any CPU
	EndGlobalSection
	GlobalSection(ProjectConfigurationPlatforms) = postSolution
		{1EFA57F6-7AE6-4C5E-AA44-ABE12F78927B}.Debug|Any CPU.ActiveCfg = Debug|Any CPU
		{1EFA57F6-7AE6-4C5E-AA44-ABE12F78927B}.Debug|Any CPU.Build.0 = Debug|Any CPU
		{1EFA57F6-7AE6-4C5E-AA44-ABE12F78927B}.Release|Any CPU.ActiveCfg = Release|Any CPU
		{1EFA57F6-7AE6-4C5E-AA44-ABE12F78927B}.Release|Any CPU.Build.0 = Release|Any CPU
	EndGlobalSection
	GlobalSection(SolutionProperties) = preSolution
		HideSolutionNode = FALSE
	EndGlobalSection
	GlobalSection(ExtensibilityGlobals) = postSolution
		SolutionGuid = {1B55476F-0B80-482E-B345-A40F1E0C2570}
	EndGlobalSection
EndGlobal
